
Microsoft Visual Studio Solution File, Format Version 12.00
# Visual Studio 15
VisualStudioVersion = 15.0.28307.329
MinimumVisualStudioVersion = 10.0.40219.1
Project("{FAE04EC0-301F-11D3-BF4B-00C04F79EFBC}") = "home automation server", "home automation server\home automation server.csproj", "{C5A206CA-DF2A-40C3-B913-8E981A970EA0}"
EndProject
Global
	GlobalSection(SolutionConfigurationPlatforms) = preSolution
		Debug|Any CPU = Debug|Any CPU
		Release|Any CPU = Release|Any CPU
	EndGlobalSection
	GlobalSection(ProjectConfigurationPlatforms) = postSolution
		{C5A206CA-DF2A-40C3-B913-8E981A970EA0}.Debug|Any CPU.ActiveCfg = Debug|Any CPU
		{C5A206CA-DF2A-40C3-B913-8E981A970EA0}.Debug|Any CPU.Build.0 = Debug|Any CPU
		{C5A206CA-DF2A-40C3-B913-8E981A970EA0}.Release|Any CPU.ActiveCfg = Release|Any CPU
		{C5A206CA-DF2A-40C3-B913-8E981A970EA0}.Release|Any CPU.Build.0 = Release|Any CPU
	EndGlobalSection
	GlobalSection(SolutionProperties) = preSolution
		HideSolutionNode = FALSE
	EndGlobalSection
	GlobalSection(ExtensibilityGlobals) = postSolution
		SolutionGuid = {327B220D-7602-4792-9EE8-EBA71C9A1205}
	EndGlobalSection
EndGlobal
